PODS:
  - SwiftChart (1.0.1)
  - SwiftLint (0.38.0)

DEPENDENCIES:
  - SwiftChart (from `https://github.com/gpbl/SwiftChart.git`)
  - SwiftLint

SPEC REPOS:
  trunk:
    - SwiftLint

EXTERNAL SOURCES:
  SwiftChart:
    :git: https://github.com/gpbl/SwiftChart.git

CHECKOUT OPTIONS:
  SwiftChart:
    :commit: 4949a94090641ca85b8133129f7a7b2230694788
    :git: https://github.com/gpbl/SwiftChart.git

SPEC CHECKSUMS:
  SwiftChart: 6ed8c61f3731cc32e3cb92858dba339d08ddac87
  SwiftLint: 4105f061f9812b214568b736dab580ab2c73a582

PODFILE CHECKSUM: dca6220fa2907dcc4c99b36cc492e1826ed02e33

COCOAPODS: 1.8.4
