// !$*UTF8*$!
{
	archiveVersion = 1;
	classes = {
	};
	objectVersion = 51;
	objects = {

/* Begin PBXBuildFile section */
		B4D2971C249C5D620054E525 /* AppDelegate.swift in Sources */ = {isa = PBXBuildFile; fileRef = B4D2971B249C5D620054E525 /* AppDelegate.swift */; };
		B4D2971E249C5D620054E525 /* SceneDelegate.swift in Sources */ = {isa = PBXBuildFile; fileRef = B4D2971D249C5D620054E525 /* SceneDelegate.swift */; };
		B4D29720249C5D620054E525 /* ViewController.swift in Sources */ = {isa = PBXBuildFile; fileRef = B4D2971F249C5D620054E525 /* ViewController.swift */; };
		B4D29723249C5D630054E525 /* Main.storyboard in Resources */ = {isa = PBXBuildFile; fileRef = B4D29721249C5D630054E525 /* Main.storyboard */; };
		B4D29725249C5D680054E525 /* Assets.xcassets in Resources */ = {isa = PBXBuildFile; fileRef = B4D29724249C5D680054E525 /* Assets.xcassets */; };
		B4D29728249C5D680054E525 /* LaunchScreen.storyboard in Resources */ = {isa = PBXBuildFile; fileRef = B4D29726249C5D680054E525 /* LaunchScreen.storyboard */; };
		B4D29731249C60A80054E525 /* CoreDataStack.swift in Sources */ = {isa = PBXBuildFile; fileRef = B4D29730249C60A80054E525 /* CoreDataStack.swift */; };
		B4D29733249D12A10054E525 /* CalorieCountTableViewController.swift in Sources */ = {isa = PBXBuildFile; fileRef = B4D29732249D12A10054E525 /* CalorieCountTableViewController.swift */; };
		B4D29735249D12BA0054E525 /* CalorieCell.swift in Sources */ = {isa = PBXBuildFile; fileRef = B4D29734249D12BA0054E525 /* CalorieCell.swift */; };
		B4D29738249D16570054E525 /* CalorieCountController.swift in Sources */ = {isa = PBXBuildFile; fileRef = B4D29737249D16570054E525 /* CalorieCountController.swift */; };
		B4D2973B249D16CB0054E525 /* CalorieTracker.xcdatamodeld in Sources */ = {isa = PBXBuildFile; fileRef = B4D29739249D16CB0054E525 /* CalorieTracker.xcdatamodeld */; };
		EC569E3A21F12B9F3FD64CCD /* Pods_CalorieTracker.framework in Frameworks */ = {isa = PBXBuildFile; fileRef = 7AF214C68919312EA1886BF3 /* Pods_CalorieTracker.framework */; };
/* End PBXBuildFile section */

/* Begin PBXFileReference section */
		357395E5055F04E81F9A9DB5 /* Pods-CalorieTracker.debug.xcconfig */ = {isa = PBXFileReference; includeInIndex = 1; lastKnownFileType = text.xcconfig; name = "Pods-CalorieTracker.debug.xcconfig"; path = "Target Support Files/Pods-CalorieTracker/Pods-CalorieTracker.debug.xcconfig"; sourceTree = "<group>"; };
		7AF214C68919312EA1886BF3 /* Pods_CalorieTracker.framework */ = {isa = PBXFileReference; explicitFileType = wrapper.framework; includeInIndex = 0; path = Pods_CalorieTracker.framework; sourceTree = BUILT_PRODUCTS_DIR; };
		B4D29718249C5D620054E525 /* CalorieTracker.app */ = {isa = PBXFileReference; explicitFileType = wrapper.application; includeInIndex = 0; path = CalorieTracker.app; sourceTree = BUILT_PRODUCTS_DIR; };
		B4D2971B249C5D620054E525 /* AppDelegate.swift */ = {isa = PBXFileReference; lastKnownFileType = sourcecode.swift; path = AppDelegate.swift; sourceTree = "<group>"; };
		B4D2971D249C5D620054E525 /* SceneDelegate.swift */ = {isa = PBXFileReference; lastKnownFileType = sourcecode.swift; path = SceneDelegate.swift; sourceTree = "<group>"; };
		B4D2971F249C5D620054E525 /* ViewController.swift */ = {isa = PBXFileReference; lastKnownFileType = sourcecode.swift; path = ViewController.swift; sourceTree = "<group>"; };
		B4D29722249C5D630054E525 /* Base */ = {isa = PBXFileReference; lastKnownFileType = file.storyboard; name = Base; path = Base.lproj/Main.storyboard; sourceTree = "<group>"; };
		B4D29724249C5D680054E525 /* Assets.xcassets */ = {isa = PBXFileReference; lastKnownFileType = folder.assetcatalog; path = Assets.xcassets; sourceTree = "<group>"; };
		B4D29727249C5D680054E525 /* Base */ = {isa = PBXFileReference; lastKnownFileType = file.storyboard; name = Base; path = Base.lproj/LaunchScreen.storyboard; sourceTree = "<group>"; };
		B4D29729249C5D680054E525 /* Info.plist */ = {isa = PBXFileReference; lastKnownFileType = text.plist.xml; path = Info.plist; sourceTree = "<group>"; };
		B4D29730249C60A80054E525 /* CoreDataStack.swift */ = {isa = PBXFileReference; lastKnownFileType = sourcecode.swift; path = CoreDataStack.swift; sourceTree = "<group>"; };
		B4D29732249D12A10054E525 /* CalorieCountTableViewController.swift */ = {isa = PBXFileReference; lastKnownFileType = sourcecode.swift; path = CalorieCountTableViewController.swift; sourceTree = "<group>"; };
		B4D29734249D12BA0054E525 /* CalorieCell.swift */ = {isa = PBXFileReference; lastKnownFileType = sourcecode.swift; path = CalorieCell.swift; sourceTree = "<group>"; };
		B4D29737249D16570054E525 /* CalorieCountController.swift */ = {isa = PBXFileReference; lastKnownFileType = sourcecode.swift; path = CalorieCountController.swift; sourceTree = "<group>"; };
		B4D2973A249D16CB0054E525 /* CalorieTracker.xcdatamodel */ = {isa = PBXFileReference; lastKnownFileType = wrapper.xcdatamodel; path = CalorieTracker.xcdatamodel; sourceTree = "<group>"; };
		DB1C2FF628EE004F4A800C37 /* Pods-CalorieTracker.release.xcconfig */ = {isa = PBXFileReference; includeInIndex = 1; lastKnownFileType = text.xcconfig; name = "Pods-CalorieTracker.release.xcconfig"; path = "Target Support Files/Pods-CalorieTracker/Pods-CalorieTracker.release.xcconfig"; sourceTree = "<group>"; };
/* End PBXFileReference section */

/* Begin PBXFrameworksBuildPhase section */
		B4D29715249C5D620054E525 /* Frameworks */ = {
			isa = PBXFrameworksBuildPhase;
			buildActionMask = 2147483647;
			files = (
				EC569E3A21F12B9F3FD64CCD /* Pods_CalorieTracker.framework in Frameworks */,
			);
			runOnlyForDeploymentPostprocessing = 0;
		};
/* End PBXFrameworksBuildPhase section */

/* Begin PBXGroup section */
		213766B890DB501271CA2535 /* Pods */ = {
			isa = PBXGroup;
			children = (
				357395E5055F04E81F9A9DB5 /* Pods-CalorieTracker.debug.xcconfig */,
				DB1C2FF628EE004F4A800C37 /* Pods-CalorieTracker.release.xcconfig */,
			);
			path = Pods;
			sourceTree = "<group>";
		};
		9BB0BD890BD4BAAC59194039 /* Frameworks */ = {
			isa = PBXGroup;
			children = (
				7AF214C68919312EA1886BF3 /* Pods_CalorieTracker.framework */,
			);
			name = Frameworks;
			sourceTree = "<group>";
		};
		B4D2970F249C5D620054E525 = {
			isa = PBXGroup;
			children = (
				B4D2971A249C5D620054E525 /* CalorieTracker */,
				B4D29719249C5D620054E525 /* Products */,
				213766B890DB501271CA2535 /* Pods */,
				9BB0BD890BD4BAAC59194039 /* Frameworks */,
			);
			sourceTree = "<group>";
		};
		B4D29719249C5D620054E525 /* Products */ = {
			isa = PBXGroup;
			children = (
				B4D29718249C5D620054E525 /* CalorieTracker.app */,
			);
			name = Products;
			sourceTree = "<group>";
		};
		B4D2971A249C5D620054E525 /* CalorieTracker */ = {
			isa = PBXGroup;
			children = (
				B4D29736249D12C30054E525 /* View Controllers */,
				B4D2971B249C5D620054E525 /* AppDelegate.swift */,
				B4D2971D249C5D620054E525 /* SceneDelegate.swift */,
				B4D2971F249C5D620054E525 /* ViewController.swift */,
				B4D29721249C5D630054E525 /* Main.storyboard */,
				B4D29730249C60A80054E525 /* CoreDataStack.swift */,
				B4D29724249C5D680054E525 /* Assets.xcassets */,
				B4D29726249C5D680054E525 /* LaunchScreen.storyboard */,
				B4D29729249C5D680054E525 /* Info.plist */,
			);
			path = CalorieTracker;
			sourceTree = "<group>";
		};
		B4D29736249D12C30054E525 /* View Controllers */ = {
			isa = PBXGroup;
			children = (
				B4D29732249D12A10054E525 /* CalorieCountTableViewController.swift */,
				B4D29734249D12BA0054E525 /* CalorieCell.swift */,
				B4D29737249D16570054E525 /* CalorieCountController.swift */,
				B4D2973C249D16D00054E525 /* Model */,
			);
			path = "View Controllers";
			sourceTree = "<group>";
		};
		B4D2973C249D16D00054E525 /* Model */ = {
			isa = PBXGroup;
			children = (
				B4D29739249D16CB0054E525 /* CalorieTracker.xcdatamodeld */,
			);
			path = Model;
			sourceTree = "<group>";
		};
/* End PBXGroup section */

/* Begin PBXNativeTarget section */
		B4D29717249C5D620054E525 /* CalorieTracker */ = {
			isa = PBXNativeTarget;
			buildConfigurationList = B4D2972C249C5D680054E525 /* Build configuration list for PBXNativeTarget "CalorieTracker" */;
			buildPhases = (
				98AC297B3853FDC8ACF287D7 /* [CP] Check Pods Manifest.lock */,
				B4D29714249C5D620054E525 /* Sources */,
				B4D29715249C5D620054E525 /* Frameworks */,
				B4D29716249C5D620054E525 /* Resources */,
				B4D2972F249C5F190054E525 /* Run Script */,
				1F8CD4D613505B2FF9933282 /* [CP] Embed Pods Frameworks */,
			);
			buildRules = (
			);
			dependencies = (
			);
			name = CalorieTracker;
			productName = CalorieTracker;
			productReference = B4D29718249C5D620054E525 /* CalorieTracker.app */;
			productType = "com.apple.product-type.application";
		};
/* End PBXNativeTarget section */

/* Begin PBXProject section */
		B4D29710249C5D620054E525 /* Project object */ = {
			isa = PBXProject;
			attributes = {
				LastSwiftUpdateCheck = 1150;
				LastUpgradeCheck = 1150;
				ORGANIZATIONNAME = "Nonye Ezekwo";
				TargetAttributes = {
					B4D29717249C5D620054E525 = {
						CreatedOnToolsVersion = 11.5;
					};
				};
			};
			buildConfigurationList = B4D29713249C5D620054E525 /* Build configuration list for PBXProject "CalorieTracker" */;
			compatibilityVersion = "Xcode 9.3";
			developmentRegion = en;
			hasScannedForEncodings = 0;
			knownRegions = (
				en,
				Base,
			);
			mainGroup = B4D2970F249C5D620054E525;
			productRefGroup = B4D29719249C5D620054E525 /* Products */;
			projectDirPath = "";
			projectRoot = "";
			targets = (
				B4D29717249C5D620054E525 /* CalorieTracker */,
			);
		};
/* End PBXProject section */

/* Begin PBXResourcesBuildPhase section */
		B4D29716249C5D620054E525 /* Resources */ = {
			isa = PBXResourcesBuildPhase;
			buildActionMask = 2147483647;
			files = (
				B4D29728249C5D680054E525 /* LaunchScreen.storyboard in Resources */,
				B4D29725249C5D680054E525 /* Assets.xcassets in Resources */,
				B4D29723249C5D630054E525 /* Main.storyboard in Resources */,
			);
			runOnlyForDeploymentPostprocessing = 0;
		};
/* End PBXResourcesBuildPhase section */

/* Begin PBXShellScriptBuildPhase section */
		1F8CD4D613505B2FF9933282 /* [CP] Embed Pods Frameworks */ = {
			isa = PBXShellScriptBuildPhase;
			buildActionMask = 2147483647;
			files = (
			);
			inputFileListPaths = (
				"${PODS_ROOT}/Target Support Files/Pods-CalorieTracker/Pods-CalorieTracker-frameworks-${CONFIGURATION}-input-files.xcfilelist",
			);
			name = "[CP] Embed Pods Frameworks";
			outputFileListPaths = (
				"${PODS_ROOT}/Target Support Files/Pods-CalorieTracker/Pods-CalorieTracker-frameworks-${CONFIGURATION}-output-files.xcfilelist",
			);
			runOnlyForDeploymentPostprocessing = 0;
			shellPath = /bin/sh;
			shellScript = "\"${PODS_ROOT}/Target Support Files/Pods-CalorieTracker/Pods-CalorieTracker-frameworks.sh\"\n";
			showEnvVarsInLog = 0;
		};
		98AC297B3853FDC8ACF287D7 /* [CP] Check Pods Manifest.lock */ = {
			isa = PBXShellScriptBuildPhase;
			buildActionMask = 2147483647;
			files = (
			);
			inputFileListPaths = (
			);
			inputPaths = (
				"${PODS_PODFILE_DIR_PATH}/Podfile.lock",
				"${PODS_ROOT}/Manifest.lock",
			);
			name = "[CP] Check Pods Manifest.lock";
			outputFileListPaths = (
			);
			outputPaths = (
				"$(DERIVED_FILE_DIR)/Pods-CalorieTracker-checkManifestLockResult.txt",
			);
			runOnlyForDeploymentPostprocessing = 0;
			shellPath = /bin/sh;
			shellScript = "diff \"${PODS_PODFILE_DIR_PATH}/Podfile.lock\" \"${PODS_ROOT}/Manifest.lock\" > /dev/null\nif [ $? != 0 ] ; then\n    # print error to STDERR\n    echo \"error: The sandbox is not in sync with the Podfile.lock. Run 'pod install' or update your CocoaPods installation.\" >&2\n    exit 1\nfi\n# This output is used by Xcode 'outputs' to avoid re-running this script phase.\necho \"SUCCESS\" > \"${SCRIPT_OUTPUT_FILE_0}\"\n";
			showEnvVarsInLog = 0;
		};
		B4D2972F249C5F190054E525 /* Run Script */ = {
			isa = PBXShellScriptBuildPhase;
			buildActionMask = 2147483647;
			files = (
			);
			inputFileListPaths = (
			);
			inputPaths = (
			);
			name = "Run Script";
			outputFileListPaths = (
			);
			outputPaths = (
			);
			runOnlyForDeploymentPostprocessing = 0;
			shellPath = /bin/sh;
			shellScript = "if which swiftlint >/dev/null; then\n  swiftlint\nelse\n  echo \"warning: SwiftLint not installed, download from https://github.com/realm/SwiftLint\"\nfi\n";
		};
/* End PBXShellScriptBuildPhase section */

/* Begin PBXSourcesBuildPhase section */
		B4D29714249C5D620054E525 /* Sources */ = {
			isa = PBXSourcesBuildPhase;
			buildActionMask = 2147483647;
			files = (
				B4D29720249C5D620054E525 /* ViewController.swift in Sources */,
				B4D2971C249C5D620054E525 /* AppDelegate.swift in Sources */,
				B4D29733249D12A10054E525 /* CalorieCountTableViewController.swift in Sources */,
				B4D29738249D16570054E525 /* CalorieCountController.swift in Sources */,
				B4D29735249D12BA0054E525 /* CalorieCell.swift in Sources */,
				B4D2971E249C5D620054E525 /* SceneDelegate.swift in Sources */,
				B4D2973B249D16CB0054E525 /* CalorieTracker.xcdatamodeld in Sources */,
				B4D29731249C60A80054E525 /* CoreDataStack.swift in Sources */,
			);
			runOnlyForDeploymentPostprocessing = 0;
		};
/* End PBXSourcesBuildPhase section */

/* Begin PBXVariantGroup section */
		B4D29721249C5D630054E525 /* Main.storyboard */ = {
			isa = PBXVariantGroup;
			children = (
				B4D29722249C5D630054E525 /* Base */,
			);
			name = Main.storyboard;
			sourceTree = "<group>";
		};
		B4D29726249C5D680054E525 /* LaunchScreen.storyboard */ = {
			isa = PBXVariantGroup;
			children = (
				B4D29727249C5D680054E525 /* Base */,
			);
			name = LaunchScreen.storyboard;
			sourceTree = "<group>";
		};
/* End PBXVariantGroup section */

/* Begin XCBuildConfiguration section */
		B4D2972A249C5D680054E525 /* Debug */ = {
			isa = XCBuildConfiguration;
			buildSettings = {
				ALWAYS_SEARCH_USER_PATHS = NO;
				CLANG_ANALYZER_NONNULL = YES;
				CLANG_ANALYZER_NUMBER_OBJECT_CONVERSION = YES_AGGRESSIVE;
				CLANG_CXX_LANGUAGE_STANDARD = "gnu++14";
				CLANG_CXX_LIBRARY = "libc++";
				CLANG_ENABLE_MODULES = YES;
				CLANG_ENABLE_OBJC_ARC = YES;
				CLANG_ENABLE_OBJC_WEAK = YES;
				CLANG_WARN_BLOCK_CAPTURE_AUTORELEASING = YES;
				CLANG_WARN_BOOL_CONVERSION = YES;
				CLANG_WARN_COMMA = YES;
				CLANG_WARN_CONSTANT_CONVERSION = YES;
				CLANG_WARN_DEPRECATED_OBJC_IMPLEMENTATIONS = YES;
				CLANG_WARN_DIRECT_OBJC_ISA_USAGE = YES_ERROR;
				CLANG_WARN_DOCUMENTATION_COMMENTS = YES;
				CLANG_WARN_EMPTY_BODY = YES;
				CLANG_WARN_ENUM_CONVERSION = YES;
				CLANG_WARN_INFINITE_RECURSION = YES;
				CLANG_WARN_INT_CONVERSION = YES;
				CLANG_WARN_NON_LITERAL_NULL_CONVERSION = YES;
				CLANG_WARN_OBJC_IMPLICIT_RETAIN_SELF = YES;
				CLANG_WARN_OBJC_LITERAL_CONVERSION = YES;
				CLANG_WARN_OBJC_ROOT_CLASS = YES_ERROR;
				CLANG_WARN_RANGE_LOOP_ANALYSIS = YES;
				CLANG_WARN_STRICT_PROTOTYPES = YES;
				CLANG_WARN_SUSPICIOUS_MOVE = YES;
				CLANG_WARN_UNGUARDED_AVAILABILITY = YES_AGGRESSIVE;
				CLANG_WARN_UNREACHABLE_CODE = YES;
				CLANG_WARN__DUPLICATE_METHOD_MATCH = YES;
				COPY_PHASE_STRIP = NO;
				DEBUG_INFORMATION_FORMAT = dwarf;
				ENABLE_STRICT_OBJC_MSGSEND = YES;
				ENABLE_TESTABILITY = YES;
				GCC_C_LANGUAGE_STANDARD = gnu11;
				GCC_DYNAMIC_NO_PIC = NO;
				GCC_NO_COMMON_BLOCKS = YES;
				GCC_OPTIMIZATION_LEVEL = 0;
				GCC_PREPROCESSOR_DEFINITIONS = (
					"DEBUG=1",
					"$(inherited)",
				);
				GCC_WARN_64_TO_32_BIT_CONVERSION = YES;
				GCC_WARN_ABOUT_RETURN_TYPE = YES_ERROR;
				GCC_WARN_UNDECLARED_SELECTOR = YES;
				GCC_WARN_UNINITIALIZED_AUTOS = YES_AGGRESSIVE;
				GCC_WARN_UNUSED_FUNCTION = YES;
				GCC_WARN_UNUSED_VARIABLE = YES;
				IPHONEOS_DEPLOYMENT_TARGET = 13.5;
				MTL_ENABLE_DEBUG_INFO = INCLUDE_SOURCE;
				MTL_FAST_MATH = YES;
				ONLY_ACTIVE_ARCH = YES;
				SDKROOT = iphoneos;
				SWIFT_ACTIVE_COMPILATION_CONDITIONS = DEBUG;
				SWIFT_OPTIMIZATION_LEVEL = "-Onone";
			};
			name = Debug;
		};
		B4D2972B249C5D680054E525 /* Release */ = {
			isa = XCBuildConfiguration;
			buildSettings = {
				ALWAYS_SEARCH_USER_PATHS = NO;
				CLANG_ANALYZER_NONNULL = YES;
				CLANG_ANALYZER_NUMBER_OBJECT_CONVERSION = YES_AGGRESSIVE;
				CLANG_CXX_LANGUAGE_STANDARD = "gnu++14";
				CLANG_CXX_LIBRARY = "libc++";
				CLANG_ENABLE_MODULES = YES;
				CLANG_ENABLE_OBJC_ARC = YES;
				CLANG_ENABLE_OBJC_WEAK = YES;
				CLANG_WARN_BLOCK_CAPTURE_AUTORELEASING = YES;
				CLANG_WARN_BOOL_CONVERSION = YES;
				CLANG_WARN_COMMA = YES;
				CLANG_WARN_CONSTANT_CONVERSION = YES;
				CLANG_WARN_DEPRECATED_OBJC_IMPLEMENTATIONS = YES;
				CLANG_WARN_DIRECT_OBJC_ISA_USAGE = YES_ERROR;
				CLANG_WARN_DOCUMENTATION_COMMENTS = YES;
				CLANG_WARN_EMPTY_BODY = YES;
				CLANG_WARN_ENUM_CONVERSION = YES;
				CLANG_WARN_INFINITE_RECURSION = YES;
				CLANG_WARN_INT_CONVERSION = YES;
				CLANG_WARN_NON_LITERAL_NULL_CONVERSION = YES;
				CLANG_WARN_OBJC_IMPLICIT_RETAIN_SELF = YES;
				CLANG_WARN_OBJC_LITERAL_CONVERSION = YES;
				CLANG_WARN_OBJC_ROOT_CLASS = YES_ERROR;
				CLANG_WARN_RANGE_LOOP_ANALYSIS = YES;
				CLANG_WARN_STRICT_PROTOTYPES = YES;
				CLANG_WARN_SUSPICIOUS_MOVE = YES;
				CLANG_WARN_UNGUARDED_AVAILABILITY = YES_AGGRESSIVE;
				CLANG_WARN_UNREACHABLE_CODE = YES;
				CLANG_WARN__DUPLICATE_METHOD_MATCH = YES;
				COPY_PHASE_STRIP = NO;
				DEBUG_INFORMATION_FORMAT = "dwarf-with-dsym";
				ENABLE_NS_ASSERTIONS = NO;
				ENABLE_STRICT_OBJC_MSGSEND = YES;
				GCC_C_LANGUAGE_STANDARD = gnu11;
				GCC_NO_COMMON_BLOCKS = YES;
				GCC_WARN_64_TO_32_BIT_CONVERSION = YES;
				GCC_WARN_ABOUT_RETURN_TYPE = YES_ERROR;
				GCC_WARN_UNDECLARED_SELECTOR = YES;
				GCC_WARN_UNINITIALIZED_AUTOS = YES_AGGRESSIVE;
				GCC_WARN_UNUSED_FUNCTION = YES;
				GCC_WARN_UNUSED_VARIABLE = YES;
				IPHONEOS_DEPLOYMENT_TARGET = 13.5;
				MTL_ENABLE_DEBUG_INFO = NO;
				MTL_FAST_MATH = YES;
				SDKROOT = iphoneos;
				SWIFT_COMPILATION_MODE = wholemodule;
				SWIFT_OPTIMIZATION_LEVEL = "-O";
				VALIDATE_PRODUCT = YES;
			};
			name = Release;
		};
		B4D2972D249C5D680054E525 /* Debug */ = {
			isa = XCBuildConfiguration;
			baseConfigurationReference = 357395E5055F04E81F9A9DB5 /* Pods-CalorieTracker.debug.xcconfig */;
			buildSettings = {
				ASSETCATALOG_COMPILER_APPICON_NAME = AppIcon;
				CODE_SIGN_STYLE = Automatic;
				DEVELOPMENT_TEAM = JKA99996Q5;
				INFOPLIST_FILE = CalorieTracker/Info.plist;
				LD_RUNPATH_SEARCH_PATHS = (
					"$(inherited)",
					"@executable_path/Frameworks",
				);
				PRODUCT_BUNDLE_IDENTIFIER = com.nonye.CalorieTracker;
				PRODUCT_NAME = "$(TARGET_NAME)";
				SWIFT_VERSION = 5.0;
				TARGETED_DEVICE_FAMILY = "1,2";
			};
			name = Debug;
		};
		B4D2972E249C5D680054E525 /* Release */ = {
			isa = XCBuildConfiguration;
			baseConfigurationReference = DB1C2FF628EE004F4A800C37 /* Pods-CalorieTracker.release.xcconfig */;
			buildSettings = {
				ASSETCATALOG_COMPILER_APPICON_NAME = AppIcon;
				CODE_SIGN_STYLE = Automatic;
				DEVELOPMENT_TEAM = JKA99996Q5;
				INFOPLIST_FILE = CalorieTracker/Info.plist;
				LD_RUNPATH_SEARCH_PATHS = (
					"$(inherited)",
					"@executable_path/Frameworks",
				);
				PRODUCT_BUNDLE_IDENTIFIER = com.nonye.CalorieTracker;
				PRODUCT_NAME = "$(TARGET_NAME)";
				SWIFT_VERSION = 5.0;
				TARGETED_DEVICE_FAMILY = "1,2";
			};
			name = Release;
		};
/* End XCBuildConfiguration section */

/* Begin XCConfigurationList section */
		B4D29713249C5D620054E525 /* Build configuration list for PBXProject "CalorieTracker" */ = {
			isa = XCConfigurationList;
			buildConfigurations = (
				B4D2972A249C5D680054E525 /* Debug */,
				B4D2972B249C5D680054E525 /* Release */,
			);
			defaultConfigurationIsVisible = 0;
			defaultConfigurationName = Release;
		};
		B4D2972C249C5D680054E525 /* Build configuration list for PBXNativeTarget "CalorieTracker" */ = {
			isa = XCConfigurationList;
			buildConfigurations = (
				B4D2972D249C5D680054E525 /* Debug */,
				B4D2972E249C5D680054E525 /* Release */,
			);
			defaultConfigurationIsVisible = 0;
			defaultConfigurationName = Release;
		};
/* End XCConfigurationList section */

/* Begin XCVersionGroup section */
		B4D29739249D16CB0054E525 /* CalorieTracker.xcdatamodeld */ = {
			isa = XCVersionGroup;
			children = (
				B4D2973A249D16CB0054E525 /* CalorieTracker.xcdatamodel */,
			);
			currentVersion = B4D2973A249D16CB0054E525 /* CalorieTracker.xcdatamodel */;
			path = CalorieTracker.xcdatamodeld;
			sourceTree = "<group>";
			versionGroupType = wrapper.xcdatamodel;
		};
/* End XCVersionGroup section */
	};
	rootObject = B4D29710249C5D620054E525 /* Project object */;
}
