PODS:
  - SwiftChart (1.0.1)
  - SwiftLint (0.37.0)

DEPENDENCIES:
  - SwiftChart (from `https://github.com/gpbl/SwiftChart`, branch `master`)
  - SwiftLint

SPEC REPOS:
  trunk:
    - SwiftLint

EXTERNAL SOURCES:
  SwiftChart:
    :branch: master
    :git: https://github.com/gpbl/SwiftChart

CHECKOUT OPTIONS:
  SwiftChart:
    :commit: 4949a94090641ca85b8133129f7a7b2230694788
    :git: https://github.com/gpbl/SwiftChart

SPEC CHECKSUMS:
  SwiftChart: 6ed8c61f3731cc32e3cb92858dba339d08ddac87
  SwiftLint: c078a14d7d7ade75e5507795d185e3da41d844d2

PODFILE CHECKSUM: 261d1bd284f346dff96032bf85d5f02265e470c1

COCOAPODS: 1.8.4
